
Microsoft Visual Studio Solution File, Format Version 12.00
# Visual Studio Version 17
VisualStudioVersion = 17.6.33712.159
MinimumVisualStudioVersion = 10.0.40219.1
Project("{FAE04EC0-301F-11D3-BF4B-00C04F79EFBC}") = "DataAccess", "DataAccess\DataAccess.csproj", "{83AC53F5-3E16-4D87-A42D-F703B4CBE683}"
EndProject
Project("{FAE04EC0-301F-11D3-BF4B-00C04F79EFBC}") = "Business", "Business\Business.csproj", "{446E62B3-3BB2-42E2-85FB-1E588C27BDE7}"
EndProject
Project("{FAE04EC0-301F-11D3-BF4B-00C04F79EFBC}") = "Entities", "Entities\Entities.csproj", "{9187C187-146C-49D6-B1F0-64762D47E443}"
EndProject
Project("{FAE04EC0-301F-11D3-BF4B-00C04F79EFBC}") = "ConsoleUI", "ConsoleUI\ConsoleUI.csproj", "{B6C89DE4-B660-42A2-BD70-9031C8F946C0}"
EndProject
Global
	GlobalSection(SolutionConfigurationPlatforms) = preSolution
		Debug|Any CPU = Debug|Any CPU
		Release|Any CPU = Release|Any CPU
	EndGlobalSection
	GlobalSection(ProjectConfigurationPlatforms) = postSolution
		{83AC53F5-3E16-4D87-A42D-F703B4CBE683}.Debug|Any CPU.ActiveCfg = Debug|Any CPU
		{83AC53F5-3E16-4D87-A42D-F703B4CBE683}.Debug|Any CPU.Build.0 = Debug|Any CPU
		{83AC53F5-3E16-4D87-A42D-F703B4CBE683}.Release|Any CPU.ActiveCfg = Release|Any CPU
		{83AC53F5-3E16-4D87-A42D-F703B4CBE683}.Release|Any CPU.Build.0 = Release|Any CPU
		{446E62B3-3BB2-42E2-85FB-1E588C27BDE7}.Debug|Any CPU.ActiveCfg = Debug|Any CPU
		{446E62B3-3BB2-42E2-85FB-1E588C27BDE7}.Debug|Any CPU.Build.0 = Debug|Any CPU
		{446E62B3-3BB2-42E2-85FB-1E588C27BDE7}.Release|Any CPU.ActiveCfg = Release|Any CPU
		{446E62B3-3BB2-42E2-85FB-1E588C27BDE7}.Release|Any CPU.Build.0 = Release|Any CPU
		{9187C187-146C-49D6-B1F0-64762D47E443}.Debug|Any CPU.ActiveCfg = Debug|Any CPU
		{9187C187-146C-49D6-B1F0-64762D47E443}.Debug|Any CPU.Build.0 = Debug|Any CPU
		{9187C187-146C-49D6-B1F0-64762D47E443}.Release|Any CPU.ActiveCfg = Release|Any CPU
		{9187C187-146C-49D6-B1F0-64762D47E443}.Release|Any CPU.Build.0 = Release|Any CPU
		{B6C89DE4-B660-42A2-BD70-9031C8F946C0}.Debug|Any CPU.ActiveCfg = Debug|Any CPU
		{B6C89DE4-B660-42A2-BD70-9031C8F946C0}.Debug|Any CPU.Build.0 = Debug|Any CPU
		{B6C89DE4-B660-42A2-BD70-9031C8F946C0}.Release|Any CPU.ActiveCfg = Release|Any CPU
		{B6C89DE4-B660-42A2-BD70-9031C8F946C0}.Release|Any CPU.Build.0 = Release|Any CPU
	EndGlobalSection
	GlobalSection(SolutionProperties) = preSolution
		HideSolutionNode = FALSE
	EndGlobalSection
	GlobalSection(ExtensibilityGlobals) = postSolution
		SolutionGuid = {44749B2F-28E1-4B06-B4FF-139BB00C9983}
	EndGlobalSection
EndGlobal
